
Microsoft Visual Studio Solution File, Format Version 12.00
# Visual Studio Version 16
VisualStudioVersion = 16.0.29020.237
MinimumVisualStudioVersion = 10.0.40219.1
Project("{FAE04EC0-301F-11D3-BF4B-00C04F79EFBC}") = "Fastoplata", "Fastoplata\Fastoplata.csproj", "{D21CEF34-514F-4F15-9B5D-8F7BB2320C2A}"
EndProject
Global
	GlobalSection(SolutionConfigurationPlatforms) = preSolution
		Debug|Any CPU = Debug|Any CPU
		Release|Any CPU = Release|Any CPU
	EndGlobalSection
	GlobalSection(ProjectConfigurationPlatforms) = postSolution
		{D21CEF34-514F-4F15-9B5D-8F7BB2320C2A}.Debug|Any CPU.ActiveCfg = Debug|Any CPU
		{D21CEF34-514F-4F15-9B5D-8F7BB2320C2A}.Debug|Any CPU.Build.0 = Debug|Any CPU
		{D21CEF34-514F-4F15-9B5D-8F7BB2320C2A}.Release|Any CPU.ActiveCfg = Release|Any CPU
		{D21CEF34-514F-4F15-9B5D-8F7BB2320C2A}.Release|Any CPU.Build.0 = Release|Any CPU
	EndGlobalSection
	GlobalSection(SolutionProperties) = preSolution
		HideSolutionNode = FALSE
	EndGlobalSection
	GlobalSection(ExtensibilityGlobals) = postSolution
		SolutionGuid = {E1D6E01A-3061-4659-A595-F1EF8C58134D}
	EndGlobalSection
EndGlobal
